// !$*UTF8*$!
{
	archiveVersion = 1;
	classes = {
	};
	objectVersion = 56;
	objects = {

/* Begin PBXBuildFile section */
		BA48D53A29E42FAD00BBCDFB /* FTNavigtionStackApp.swift in Sources */ = {isa = PBXBuildFile; fileRef = BA48D53929E42FAD00BBCDFB /* FTNavigtionStackApp.swift */; };
		BA48D53C29E42FAD00BBCDFB /* ContentView.swift in Sources */ = {isa = PBXBuildFile; fileRef = BA48D53B29E42FAD00BBCDFB /* ContentView.swift */; };
		BA48D53E29E42FAF00BBCDFB /* Assets.xcassets in Resources */ = {isa = PBXBuildFile; fileRef = BA48D53D29E42FAF00BBCDFB /* Assets.xcassets */; };
		BA48D54129E42FAF00BBCDFB /* Preview Assets.xcassets in Resources */ = {isa = PBXBuildFile; fileRef = BA48D54029E42FAF00BBCDFB /* Preview Assets.xcassets */; };
		BA48D55D29E56E6700BBCDFB /* Sidebar.swift in Sources */ = {isa = PBXBuildFile; fileRef = BA48D55C29E56E6700BBCDFB /* Sidebar.swift */; };
		BA48D55F29E572CC00BBCDFB /* DetailView.swift in Sources */ = {isa = PBXBuildFile; fileRef = BA48D55E29E572CC00BBCDFB /* DetailView.swift */; };
		BAAC9B6529E82CEE00484A02 /* ListItemTracking.swift in Sources */ = {isa = PBXBuildFile; fileRef = BAAC9B6429E82CEE00484A02 /* ListItemTracking.swift */; };
		BAAC9B7229E929A800484A02 /* FTSidebarTopSectionGridView.swift in Sources */ = {isa = PBXBuildFile; fileRef = BAAC9B6B29E929A800484A02 /* FTSidebarTopSectionGridView.swift */; };
		BAAC9B7329E929A800484A02 /* FTSidebarTopSectionGridItemView.swift in Sources */ = {isa = PBXBuildFile; fileRef = BAAC9B6C29E929A800484A02 /* FTSidebarTopSectionGridItemView.swift */; };
		BAAC9B7429E929A800484A02 /* FTSidebarViewNew.swift in Sources */ = {isa = PBXBuildFile; fileRef = BAAC9B6D29E929A800484A02 /* FTSidebarViewNew.swift */; };
		BAAC9B7529E929A800484A02 /* FTTemplatesSidebarItemView.swift in Sources */ = {isa = PBXBuildFile; fileRef = BAAC9B6E29E929A800484A02 /* FTTemplatesSidebarItemView.swift */; };
		BAAC9B7629E929A800484A02 /* FTSidebarTopSectionViewModel.swift in Sources */ = {isa = PBXBuildFile; fileRef = BAAC9B7029E929A800484A02 /* FTSidebarTopSectionViewModel.swift */; };
		BAAC9B7729E929A800484A02 /* FTSidebarGridItemViewModel.swift in Sources */ = {isa = PBXBuildFile; fileRef = BAAC9B7129E929A800484A02 /* FTSidebarGridItemViewModel.swift */; };
		BAAC9B7929E92AFD00484A02 /* SidebarTopSectionElement.swift in Sources */ = {isa = PBXBuildFile; fileRef = BAAC9B7829E92AFD00484A02 /* SidebarTopSectionElement.swift */; };
/* End PBXBuildFile section */

/* Begin PBXFileReference section */
		BA48D53629E42FAD00BBCDFB /* FTNavigtionStack.app */ = {isa = PBXFileReference; explicitFileType = wrapper.application; includeInIndex = 0; path = FTNavigtionStack.app; sourceTree = BUILT_PRODUCTS_DIR; };
		BA48D53929E42FAD00BBCDFB /* FTNavigtionStackApp.swift */ = {isa = PBXFileReference; lastKnownFileType = sourcecode.swift; path = FTNavigtionStackApp.swift; sourceTree = "<group>"; };
		BA48D53B29E42FAD00BBCDFB /* ContentView.swift */ = {isa = PBXFileReference; lastKnownFileType = sourcecode.swift; path = ContentView.swift; sourceTree = "<group>"; };
		BA48D53D29E42FAF00BBCDFB /* Assets.xcassets */ = {isa = PBXFileReference; lastKnownFileType = folder.assetcatalog; path = Assets.xcassets; sourceTree = "<group>"; };
		BA48D54029E42FAF00BBCDFB /* Preview Assets.xcassets */ = {isa = PBXFileReference; lastKnownFileType = folder.assetcatalog; path = "Preview Assets.xcassets"; sourceTree = "<group>"; };
		BA48D55C29E56E6700BBCDFB /* Sidebar.swift */ = {isa = PBXFileReference; lastKnownFileType = sourcecode.swift; path = Sidebar.swift; sourceTree = "<group>"; };
		BA48D55E29E572CC00BBCDFB /* DetailView.swift */ = {isa = PBXFileReference; lastKnownFileType = sourcecode.swift; path = DetailView.swift; sourceTree = "<group>"; };
		BAAC9B6429E82CEE00484A02 /* ListItemTracking.swift */ = {isa = PBXFileReference; lastKnownFileType = sourcecode.swift; path = ListItemTracking.swift; sourceTree = "<group>"; };
		BAAC9B6B29E929A800484A02 /* FTSidebarTopSectionGridView.swift */ = {isa = PBXFileReference; fileEncoding = 4; lastKnownFileType = sourcecode.swift; path = FTSidebarTopSectionGridView.swift; sourceTree = "<group>"; };
		BAAC9B6C29E929A800484A02 /* FTSidebarTopSectionGridItemView.swift */ = {isa = PBXFileReference; fileEncoding = 4; lastKnownFileType = sourcecode.swift; path = FTSidebarTopSectionGridItemView.swift; sourceTree = "<group>"; };
		BAAC9B6D29E929A800484A02 /* FTSidebarViewNew.swift */ = {isa = PBXFileReference; fileEncoding = 4; lastKnownFileType = sourcecode.swift; path = FTSidebarViewNew.swift; sourceTree = "<group>"; };
		BAAC9B6E29E929A800484A02 /* FTTemplatesSidebarItemView.swift */ = {isa = PBXFileReference; fileEncoding = 4; lastKnownFileType = sourcecode.swift; path = FTTemplatesSidebarItemView.swift; sourceTree = "<group>"; };
		BAAC9B7029E929A800484A02 /* FTSidebarTopSectionViewModel.swift */ = {isa = PBXFileReference; fileEncoding = 4; lastKnownFileType = sourcecode.swift; path = FTSidebarTopSectionViewModel.swift; sourceTree = "<group>"; };
		BAAC9B7129E929A800484A02 /* FTSidebarGridItemViewModel.swift */ = {isa = PBXFileReference; fileEncoding = 4; lastKnownFileType = sourcecode.swift; path = FTSidebarGridItemViewModel.swift; sourceTree = "<group>"; };
		BAAC9B7829E92AFD00484A02 /* SidebarTopSectionElement.swift */ = {isa = PBXFileReference; fileEncoding = 4; lastKnownFileType = sourcecode.swift; path = SidebarTopSectionElement.swift; sourceTree = "<group>"; };
		BAAF4A6D29E800C200804A92 /* Info.plist */ = {isa = PBXFileReference; lastKnownFileType = text.plist; path = Info.plist; sourceTree = "<group>"; };
/* End PBXFileReference section */

/* Begin PBXFrameworksBuildPhase section */
		BA48D53329E42FAD00BBCDFB /* Frameworks */ = {
			isa = PBXFrameworksBuildPhase;
			buildActionMask = 2147483647;
			files = (
			);
			runOnlyForDeploymentPostprocessing = 0;
		};
/* End PBXFrameworksBuildPhase section */

/* Begin PBXGroup section */
		BA48D52D29E42FAD00BBCDFB = {
			isa = PBXGroup;
			children = (
				BA48D53829E42FAD00BBCDFB /* FTNavigtionStack */,
				BA48D53729E42FAD00BBCDFB /* Products */,
			);
			sourceTree = "<group>";
		};
		BA48D53729E42FAD00BBCDFB /* Products */ = {
			isa = PBXGroup;
			children = (
				BA48D53629E42FAD00BBCDFB /* FTNavigtionStack.app */,
			);
			name = Products;
			sourceTree = "<group>";
		};
		BA48D53829E42FAD00BBCDFB /* FTNavigtionStack */ = {
			isa = PBXGroup;
			children = (
				BAAF4A6D29E800C200804A92 /* Info.plist */,
				BA48D53929E42FAD00BBCDFB /* FTNavigtionStackApp.swift */,
				BA48D53B29E42FAD00BBCDFB /* ContentView.swift */,
				BAAC9B6F29E929A800484A02 /* ViewModels */,
				BAAC9B6A29E929A800484A02 /* Views */,
				BA48D55E29E572CC00BBCDFB /* DetailView.swift */,
				BA48D55C29E56E6700BBCDFB /* Sidebar.swift */,
				BAAC9B6429E82CEE00484A02 /* ListItemTracking.swift */,
				BA48D53D29E42FAF00BBCDFB /* Assets.xcassets */,
				BA48D53F29E42FAF00BBCDFB /* Preview Content */,
			);
			path = FTNavigtionStack;
			sourceTree = "<group>";
		};
		BA48D53F29E42FAF00BBCDFB /* Preview Content */ = {
			isa = PBXGroup;
			children = (
				BA48D54029E42FAF00BBCDFB /* Preview Assets.xcassets */,
			);
			path = "Preview Content";
			sourceTree = "<group>";
		};
		BAAC9B6A29E929A800484A02 /* Views */ = {
			isa = PBXGroup;
			children = (
				BAAC9B6B29E929A800484A02 /* FTSidebarTopSectionGridView.swift */,
				BAAC9B6C29E929A800484A02 /* FTSidebarTopSectionGridItemView.swift */,
				BAAC9B6D29E929A800484A02 /* FTSidebarViewNew.swift */,
				BAAC9B6E29E929A800484A02 /* FTTemplatesSidebarItemView.swift */,
			);
			path = Views;
			sourceTree = "<group>";
		};
		BAAC9B6F29E929A800484A02 /* ViewModels */ = {
			isa = PBXGroup;
			children = (
				BAAC9B7829E92AFD00484A02 /* SidebarTopSectionElement.swift */,
				BAAC9B7029E929A800484A02 /* FTSidebarTopSectionViewModel.swift */,
				BAAC9B7129E929A800484A02 /* FTSidebarGridItemViewModel.swift */,
			);
			path = ViewModels;
			sourceTree = "<group>";
		};
/* End PBXGroup section */

/* Begin PBXNativeTarget section */
		BA48D53529E42FAD00BBCDFB /* FTNavigtionStack */ = {
			isa = PBXNativeTarget;
			buildConfigurationList = BA48D54429E42FAF00BBCDFB /* Build configuration list for PBXNativeTarget "FTNavigtionStack" */;
			buildPhases = (
				BA48D53229E42FAD00BBCDFB /* Sources */,
				BA48D53329E42FAD00BBCDFB /* Frameworks */,
				BA48D53429E42FAD00BBCDFB /* Resources */,
			);
			buildRules = (
			);
			dependencies = (
			);
			name = FTNavigtionStack;
			productName = FTNavigtionStack;
			productReference = BA48D53629E42FAD00BBCDFB /* FTNavigtionStack.app */;
			productType = "com.apple.product-type.application";
		};
/* End PBXNativeTarget section */

/* Begin PBXProject section */
		BA48D52E29E42FAD00BBCDFB /* Project object */ = {
			isa = PBXProject;
			attributes = {
				BuildIndependentTargetsInParallel = 1;
				LastSwiftUpdateCheck = 1420;
				LastUpgradeCheck = 1420;
				TargetAttributes = {
					BA48D53529E42FAD00BBCDFB = {
						CreatedOnToolsVersion = 14.2;
					};
				};
			};
			buildConfigurationList = BA48D53129E42FAD00BBCDFB /* Build configuration list for PBXProject "FTNavigtionStack" */;
			compatibilityVersion = "Xcode 14.0";
			developmentRegion = en;
			hasScannedForEncodings = 0;
			knownRegions = (
				en,
				Base,
			);
			mainGroup = BA48D52D29E42FAD00BBCDFB;
			productRefGroup = BA48D53729E42FAD00BBCDFB /* Products */;
			projectDirPath = "";
			projectRoot = "";
			targets = (
				BA48D53529E42FAD00BBCDFB /* FTNavigtionStack */,
			);
		};
/* End PBXProject section */

/* Begin PBXResourcesBuildPhase section */
		BA48D53429E42FAD00BBCDFB /* Resources */ = {
			isa = PBXResourcesBuildPhase;
			buildActionMask = 2147483647;
			files = (
				BA48D54129E42FAF00BBCDFB /* Preview Assets.xcassets in Resources */,
				BA48D53E29E42FAF00BBCDFB /* Assets.xcassets in Resources */,
			);
			runOnlyForDeploymentPostprocessing = 0;
		};
/* End PBXResourcesBuildPhase section */

/* Begin PBXSourcesBuildPhase section */
		BA48D53229E42FAD00BBCDFB /* Sources */ = {
			isa = PBXSourcesBuildPhase;
			buildActionMask = 2147483647;
			files = (
				BAAC9B6529E82CEE00484A02 /* ListItemTracking.swift in Sources */,
				BAAC9B7329E929A800484A02 /* FTSidebarTopSectionGridItemView.swift in Sources */,
				BAAC9B7429E929A800484A02 /* FTSidebarViewNew.swift in Sources */,
				BAAC9B7529E929A800484A02 /* FTTemplatesSidebarItemView.swift in Sources */,
				BAAC9B7229E929A800484A02 /* FTSidebarTopSectionGridView.swift in Sources */,
				BA48D53C29E42FAD00BBCDFB /* ContentView.swift in Sources */,
				BA48D55F29E572CC00BBCDFB /* DetailView.swift in Sources */,
				BAAC9B7629E929A800484A02 /* FTSidebarTopSectionViewModel.swift in Sources */,
				BA48D55D29E56E6700BBCDFB /* Sidebar.swift in Sources */,
				BAAC9B7929E92AFD00484A02 /* SidebarTopSectionElement.swift in Sources */,
				BAAC9B7729E929A800484A02 /* FTSidebarGridItemViewModel.swift in Sources */,
				BA48D53A29E42FAD00BBCDFB /* FTNavigtionStackApp.swift in Sources */,
			);
			runOnlyForDeploymentPostprocessing = 0;
		};
/* End PBXSourcesBuildPhase section */

/* Begin XCBuildConfiguration section */
		BA48D54229E42FAF00BBCDFB /* Debug */ = {
			isa = XCBuildConfiguration;
			buildSettings = {
				ALWAYS_SEARCH_USER_PATHS = NO;
				CLANG_ANALYZER_NONNULL = YES;
				CLANG_ANALYZER_NUMBER_OBJECT_CONVERSION = YES_AGGRESSIVE;
				CLANG_CXX_LANGUAGE_STANDARD = "gnu++20";
				CLANG_ENABLE_MODULES = YES;
				CLANG_ENABLE_OBJC_ARC = YES;
				CLANG_ENABLE_OBJC_WEAK = YES;
				CLANG_WARN_BLOCK_CAPTURE_AUTORELEASING = YES;
				CLANG_WARN_BOOL_CONVERSION = YES;
				CLANG_WARN_COMMA = YES;
				CLANG_WARN_CONSTANT_CONVERSION = YES;
				CLANG_WARN_DEPRECATED_OBJC_IMPLEMENTATIONS = YES;
				CLANG_WARN_DIRECT_OBJC_ISA_USAGE = YES_ERROR;
				CLANG_WARN_DOCUMENTATION_COMMENTS = YES;
				CLANG_WARN_EMPTY_BODY = YES;
				CLANG_WARN_ENUM_CONVERSION = YES;
				CLANG_WARN_INFINITE_RECURSION = YES;
				CLANG_WARN_INT_CONVERSION = YES;
				CLANG_WARN_NON_LITERAL_NULL_CONVERSION = YES;
				CLANG_WARN_OBJC_IMPLICIT_RETAIN_SELF = YES;
				CLANG_WARN_OBJC_LITERAL_CONVERSION = YES;
				CLANG_WARN_OBJC_ROOT_CLASS = YES_ERROR;
				CLANG_WARN_QUOTED_INCLUDE_IN_FRAMEWORK_HEADER = YES;
				CLANG_WARN_RANGE_LOOP_ANALYSIS = YES;
				CLANG_WARN_STRICT_PROTOTYPES = YES;
				CLANG_WARN_SUSPICIOUS_MOVE = YES;
				CLANG_WARN_UNGUARDED_AVAILABILITY = YES_AGGRESSIVE;
				CLANG_WARN_UNREACHABLE_CODE = YES;
				CLANG_WARN__DUPLICATE_METHOD_MATCH = YES;
				COPY_PHASE_STRIP = NO;
				DEBUG_INFORMATION_FORMAT = dwarf;
				ENABLE_STRICT_OBJC_MSGSEND = YES;
				ENABLE_TESTABILITY = YES;
				GCC_C_LANGUAGE_STANDARD = gnu11;
				GCC_DYNAMIC_NO_PIC = NO;
				GCC_NO_COMMON_BLOCKS = YES;
				GCC_OPTIMIZATION_LEVEL = 0;
				GCC_PREPROCESSOR_DEFINITIONS = (
					"DEBUG=1",
					"$(inherited)",
				);
				GCC_WARN_64_TO_32_BIT_CONVERSION = YES;
				GCC_WARN_ABOUT_RETURN_TYPE = YES_ERROR;
				GCC_WARN_UNDECLARED_SELECTOR = YES;
				GCC_WARN_UNINITIALIZED_AUTOS = YES_AGGRESSIVE;
				GCC_WARN_UNUSED_FUNCTION = YES;
				GCC_WARN_UNUSED_VARIABLE = YES;
				IPHONEOS_DEPLOYMENT_TARGET = 16.2;
				MTL_ENABLE_DEBUG_INFO = INCLUDE_SOURCE;
				MTL_FAST_MATH = YES;
				ONLY_ACTIVE_ARCH = YES;
				SDKROOT = iphoneos;
				SWIFT_ACTIVE_COMPILATION_CONDITIONS = DEBUG;
				SWIFT_OPTIMIZATION_LEVEL = "-Onone";
			};
			name = Debug;
		};
		BA48D54329E42FAF00BBCDFB /* Release */ = {
			isa = XCBuildConfiguration;
			buildSettings = {
				ALWAYS_SEARCH_USER_PATHS = NO;
				CLANG_ANALYZER_NONNULL = YES;
				CLANG_ANALYZER_NUMBER_OBJECT_CONVERSION = YES_AGGRESSIVE;
				CLANG_CXX_LANGUAGE_STANDARD = "gnu++20";
				CLANG_ENABLE_MODULES = YES;
				CLANG_ENABLE_OBJC_ARC = YES;
				CLANG_ENABLE_OBJC_WEAK = YES;
				CLANG_WARN_BLOCK_CAPTURE_AUTORELEASING = YES;
				CLANG_WARN_BOOL_CONVERSION = YES;
				CLANG_WARN_COMMA = YES;
				CLANG_WARN_CONSTANT_CONVERSION = YES;
				CLANG_WARN_DEPRECATED_OBJC_IMPLEMENTATIONS = YES;
				CLANG_WARN_DIRECT_OBJC_ISA_USAGE = YES_ERROR;
				CLANG_WARN_DOCUMENTATION_COMMENTS = YES;
				CLANG_WARN_EMPTY_BODY = YES;
				CLANG_WARN_ENUM_CONVERSION = YES;
				CLANG_WARN_INFINITE_RECURSION = YES;
				CLANG_WARN_INT_CONVERSION = YES;
				CLANG_WARN_NON_LITERAL_NULL_CONVERSION = YES;
				CLANG_WARN_OBJC_IMPLICIT_RETAIN_SELF = YES;
				CLANG_WARN_OBJC_LITERAL_CONVERSION = YES;
				CLANG_WARN_OBJC_ROOT_CLASS = YES_ERROR;
				CLANG_WARN_QUOTED_INCLUDE_IN_FRAMEWORK_HEADER = YES;
				CLANG_WARN_RANGE_LOOP_ANALYSIS = YES;
				CLANG_WARN_STRICT_PROTOTYPES = YES;
				CLANG_WARN_SUSPICIOUS_MOVE = YES;
				CLANG_WARN_UNGUARDED_AVAILABILITY = YES_AGGRESSIVE;
				CLANG_WARN_UNREACHABLE_CODE = YES;
				CLANG_WARN__DUPLICATE_METHOD_MATCH = YES;
				COPY_PHASE_STRIP = NO;
				DEBUG_INFORMATION_FORMAT = "dwarf-with-dsym";
				ENABLE_NS_ASSERTIONS = NO;
				ENABLE_STRICT_OBJC_MSGSEND = YES;
				GCC_C_LANGUAGE_STANDARD = gnu11;
				GCC_NO_COMMON_BLOCKS = YES;
				GCC_WARN_64_TO_32_BIT_CONVERSION = YES;
				GCC_WARN_ABOUT_RETURN_TYPE = YES_ERROR;
				GCC_WARN_UNDECLARED_SELECTOR = YES;
				GCC_WARN_UNINITIALIZED_AUTOS = YES_AGGRESSIVE;
				GCC_WARN_UNUSED_FUNCTION = YES;
				GCC_WARN_UNUSED_VARIABLE = YES;
				IPHONEOS_DEPLOYMENT_TARGET = 16.2;
				MTL_ENABLE_DEBUG_INFO = NO;
				MTL_FAST_MATH = YES;
				SDKROOT = iphoneos;
				SWIFT_COMPILATION_MODE = wholemodule;
				SWIFT_OPTIMIZATION_LEVEL = "-O";
				VALIDATE_PRODUCT = YES;
			};
			name = Release;
		};
		BA48D54529E42FAF00BBCDFB /* Debug */ = {
			isa = XCBuildConfiguration;
			buildSettings = {
				ASSETCATALOG_COMPILER_APPICON_NAME = AppIcon;
				ASSETCATALOG_COMPILER_GLOBAL_ACCENT_COLOR_NAME = AccentColor;
				CODE_SIGN_STYLE = Automatic;
				CURRENT_PROJECT_VERSION = 1;
				DEVELOPMENT_ASSET_PATHS = "\"FTNavigtionStack/Preview Content\"";
				DEVELOPMENT_TEAM = CNTLGGQX2J;
				ENABLE_PREVIEWS = YES;
				GENERATE_INFOPLIST_FILE = YES;
				INFOPLIST_FILE = FTNavigtionStack/Info.plist;
				INFOPLIST_KEY_UIApplicationSceneManifest_Generation = YES;
				INFOPLIST_KEY_UIApplicationSupportsIndirectInputEvents = YES;
				INFOPLIST_KEY_UILaunchScreen_Generation = YES;
				INFOPLIST_KEY_UISupportedInterfaceOrientations_iPad = "UIInterfaceOrientationPortrait UIInterfaceOrientationPortraitUpsideDown UIInterfaceOrientationLandscapeLeft UIInterfaceOrientationLandscapeRight";
				INFOPLIST_KEY_UISupportedInterfaceOrientations_iPhone = "UIInterfaceOrientationPortrait UIInterfaceOrientationLandscapeLeft UIInterfaceOrientationLandscapeRight";
				IPHONEOS_DEPLOYMENT_TARGET = 16.0;
				LD_RUNPATH_SEARCH_PATHS = (
					"$(inherited)",
					"@executable_path/Frameworks",
				);
				MARKETING_VERSION = 1.0;
				PRODUCT_BUNDLE_IDENTIFIER = com.fluidtouch.FTNavigtionStack;
				PRODUCT_NAME = "$(TARGET_NAME)";
				SWIFT_EMIT_LOC_STRINGS = YES;
				SWIFT_VERSION = 5.0;
				TARGETED_DEVICE_FAMILY = "1,2";
			};
			name = Debug;
		};
		BA48D54629E42FAF00BBCDFB /* Release */ = {
			isa = XCBuildConfiguration;
			buildSettings = {
				ASSETCATALOG_COMPILER_APPICON_NAME = AppIcon;
				ASSETCATALOG_COMPILER_GLOBAL_ACCENT_COLOR_NAME = AccentColor;
				CODE_SIGN_STYLE = Automatic;
				CURRENT_PROJECT_VERSION = 1;
				DEVELOPMENT_ASSET_PATHS = "\"FTNavigtionStack/Preview Content\"";
				DEVELOPMENT_TEAM = CNTLGGQX2J;
				ENABLE_PREVIEWS = YES;
				GENERATE_INFOPLIST_FILE = YES;
				INFOPLIST_FILE = FTNavigtionStack/Info.plist;
				INFOPLIST_KEY_UIApplicationSceneManifest_Generation = YES;
				INFOPLIST_KEY_UIApplicationSupportsIndirectInputEvents = YES;
				INFOPLIST_KEY_UILaunchScreen_Generation = YES;
				INFOPLIST_KEY_UISupportedInterfaceOrientations_iPad = "UIInterfaceOrientationPortrait UIInterfaceOrientationPortraitUpsideDown UIInterfaceOrientationLandscapeLeft UIInterfaceOrientationLandscapeRight";
				INFOPLIST_KEY_UISupportedInterfaceOrientations_iPhone = "UIInterfaceOrientationPortrait UIInterfaceOrientationLandscapeLeft UIInterfaceOrientationLandscapeRight";
				IPHONEOS_DEPLOYMENT_TARGET = 16.0;
				LD_RUNPATH_SEARCH_PATHS = (
					"$(inherited)",
					"@executable_path/Frameworks",
				);
				MARKETING_VERSION = 1.0;
				PRODUCT_BUNDLE_IDENTIFIER = com.fluidtouch.FTNavigtionStack;
				PRODUCT_NAME = "$(TARGET_NAME)";
				SWIFT_EMIT_LOC_STRINGS = YES;
				SWIFT_VERSION = 5.0;
				TARGETED_DEVICE_FAMILY = "1,2";
			};
			name = Release;
		};
/* End XCBuildConfiguration section */

/* Begin XCConfigurationList section */
		BA48D53129E42FAD00BBCDFB /* Build configuration list for PBXProject "FTNavigtionStack" */ = {
			isa = XCConfigurationList;
			buildConfigurations = (
				BA48D54229E42FAF00BBCDFB /* Debug */,
				BA48D54329E42FAF00BBCDFB /* Release */,
			);
			defaultConfigurationIsVisible = 0;
			defaultConfigurationName = Release;
		};
		BA48D54429E42FAF00BBCDFB /* Build configuration list for PBXNativeTarget "FTNavigtionStack" */ = {
			isa = XCConfigurationList;
			buildConfigurations = (
				BA48D54529E42FAF00BBCDFB /* Debug */,
				BA48D54629E42FAF00BBCDFB /* Release */,
			);
			defaultConfigurationIsVisible = 0;
			defaultConfigurationName = Release;
		};
/* End XCConfigurationList section */
	};
	rootObject = BA48D52E29E42FAD00BBCDFB /* Project object */;
}
